version = 1
revision = 3
requires-python = ">=3.14"

[[package]]
name = "data-cleaning"
version = "0.1.0"
source = { editable = "." }
dependencies = [
    { name = "debugpy" },
    { name = "fastexcel" },
    { name = "polars" },
    { name = "xlsx2csv" },
]

[package.metadata]
requires-dist = [
    { name = "debugpy", specifier = ">=1.8.20" },
    { name = "fastexcel", specifier = ">=0.19.0" },
    { name = "polars", specifier = ">=1.37.1" },
    { name = "xlsx2csv", specifier = ">=0.8.6" },
]

[[package]]
name = "debugpy"
version = "1.8.20"
source = { registry = "https://pypi.org/simple" }
sdist = { url = "https://files.pythonhosted.org/packages/e0/b7/cd8080344452e4874aae67c40d8940e2b4d47b01601a8fd9f44786c757c7/debugpy-1.8.20.tar.gz", hash = "sha256:55bc8701714969f1ab89a6d5f2f3d40c36f91b2cbe2f65d98bf8196f6a6a2c33", size = 1645207, upload-time = "2026-01-29T23:03:28.199Z" }
wheels = [
    { url = "https://files.pythonhosted.org/packages/33/2e/f6cb9a8a13f5058f0a20fe09711a7b726232cd5a78c6a7c05b2ec726cff9/debugpy-1.8.20-cp314-cp314-macosx_15_0_universal2.whl", hash = "sha256:9c74df62fc064cd5e5eaca1353a3ef5a5d50da5eb8058fcef63106f7bebe6173", size = 2538066, upload-time = "2026-01-29T23:03:54.999Z" },
    { url = "https://files.pythonhosted.org/packages/c5/56/6ddca50b53624e1ca3ce1d1e49ff22db46c47ea5fb4c0cc5c9b90a616364/debugpy-1.8.20-cp314-cp314-manylinux_2_34_x86_64.whl", hash = "sha256:077a7447589ee9bc1ff0cdf443566d0ecf540ac8aa7333b775ebcb8ce9f4ecad", size = 4269425, upload-time = "2026-01-29T23:03:56.518Z" },
    { url = "https://files.pythonhosted.org/packages/c5/d9/d64199c14a0d4c476df46c82470a3ce45c8d183a6796cfb5e66533b3663c/debugpy-1.8.20-cp314-cp314-win32.whl", hash = "sha256:352036a99dd35053b37b7803f748efc456076f929c6a895556932eaf2d23b07f", size = 5331407, upload-time = "2026-01-29T23:03:58.481Z" },
    { url = "https://files.pythonhosted.org/packages/e0/d9/1f07395b54413432624d61524dfd98c1a7c7827d2abfdb8829ac92638205/debugpy-1.8.20-cp314-cp314-win_amd64.whl", hash = "sha256:a98eec61135465b062846112e5ecf2eebb855305acc1dfbae43b72903b8ab5be", size = 5372521, upload-time = "2026-01-29T23:03:59.864Z" },
    { url = "https://files.pythonhosted.org/packages/e0/c3/7f67dea8ccf8fdcb9c99033bbe3e90b9e7395415843accb81428c441be2d/debugpy-1.8.20-py2.py3-none-any.whl", hash = "sha256:5be9bed9ae3be00665a06acaa48f8329d2b9632f15fd09f6a9a8c8d9907e54d7", size = 5337658, upload-time = "2026-01-29T23:04:17.404Z" },
]

[[package]]
name = "fastexcel"
version = "0.19.0"
source = { registry = "https://pypi.org/simple" }
sdist = { url = "https://files.pythonhosted.org/packages/0d/c8/3b09911348e9c64dbf41096d3e8f0e93c141a23990ec9f32514111bd5f55/fastexcel-0.19.0.tar.gz", hash = "sha256:216c3719ee90963bd93a0bf8c10b177233046ac975b67651152fdaedd3c99aa1", size = 60323, upload-time = "2026-01-20T11:17:37.253Z" }
wheels = [
    { url = "https://files.pythonhosted.org/packages/d1/e0/3820e93ea606549cfddb8c437141dd69f2b245e74785efc8bd7511ba909d/fastexcel-0.19.0-cp310-abi3-macosx_10_12_x86_64.whl", hash = "sha256:68601072a0b4b4277c165b68f1055f88ef7ffe7ed6f08c1eeda0f0271e3f7da0", size = 3082362, upload-time = "2026-01-20T11:17:27.157Z" },
    { url = "https://files.pythonhosted.org/packages/66/0f/b42dc09515879192919942157292912393584045fd8bad98bd92961d4c30/fastexcel-0.19.0-cp310-abi3-macosx_11_0_arm64.whl", hash = "sha256:c8a87d94445678e7e3f46a6aa39d2afaee5b88a983ec3661143a6488d8955f44", size = 2864365, upload-time = "2026-01-20T11:17:28.786Z" },
    { url = "https://files.pythonhosted.org/packages/8e/4a/bc358b20fcff64b4c14ff7d7a0e1f797792b8b77e30ae755873c02362538/fastexcel-0.19.0-cp310-abi3-manylinux_2_17_aarch64.manylinux2014_aarch64.whl", hash = "sha256:e94fc1be6642555f277af792c22a9f80ec9b4d640d9690f00abb822b6d865069", size = 3186426, upload-time = "2026-01-20T11:17:19.087Z" },
    { url = "https://files.pythonhosted.org/packages/58/ae/d2ffdc5ad14190153e2422fc90a1052a4b0c3086d24cb8ae8967575321d8/fastexcel-0.19.0-cp310-abi3-manylinux_2_17_x86_64.manylinux2014_x86_64.whl", hash = "sha256:334f9f40cd68b5924a712b6c104949757a0b8ad8a7e3fa3f3fad1c1ebc00258b", size = 3365628, upload-time = "2026-01-20T11:17:21.116Z" },
    { url = "https://files.pythonhosted.org/packages/6e/67/5f6d4e7760dc3dd8244cd124dabdd5bb7622bf1197edcc2513648847690e/fastexcel-0.19.0-cp310-abi3-win_amd64.whl", hash = "sha256:fbbdf9de79c3ef3572809bb187927c0dc5840968ffe513ea015a383024b7c6b0", size = 2905173, upload-time = "2026-01-20T11:17:33.687Z" },
    { url = "https://files.pythonhosted.org/packages/aa/a4/4290e356cfe028b11db8d96f8d5bca43bde8ed1fd9a491661df4d57551de/fastexcel-0.19.0-cp314-cp314t-macosx_10_12_x86_64.whl", hash = "sha256:26eb85d98087b3c13e083a1fb51a3dfcd57607865fb44d8d6db451948ef65c63", size = 3069723, upload-time = "2026-01-20T11:17:30.521Z" },
    { url = "https://files.pythonhosted.org/packages/fb/1e/1364b08c1d5449236af23366ac3beaabbc63b283f354fc1aa6ad0b95cc37/fastexcel-0.19.0-cp314-cp314t-macosx_11_0_arm64.whl", hash = "sha256:42d48b077b7ec070de6ea34c99f9a0c97e45cd767fbadd135fc30fa70de24b42", size = 2852643, upload-time = "2026-01-20T11:17:32.079Z" },
    { url = "https://files.pythonhosted.org/packages/85/1b/57a5e2441ab29ecb774f642f66d5e9f9246cdc14ca4ee85ada5b081f4656/fastexcel-0.19.0-cp314-cp314t-manylinux_2_17_aarch64.manylinux2014_aarch64.whl", hash = "sha256:e3c49fac330cc306bb0bd73d96138f438441d8254eed19ca6c1800aaa9d69054", size = 3182805, upload-time = "2026-01-20T11:17:23.068Z" },
    { url = "https://files.pythonhosted.org/packages/76/50/0e5c416b990d153bad1e63b8268ea751fc8a319d134de14e3bbba38000c7/fastexcel-0.19.0-cp314-cp314t-manylinux_2_17_x86_64.manylinux2014_x86_64.whl", hash = "sha256:75aad96c34836eca90fc6d0e061240c145795f8754424698e2aadfd634abb4cf", size = 3360260, upload-time = "2026-01-20T11:17:24.711Z" },
    { url = "https://files.pythonhosted.org/packages/48/38/b3faa12a74f387e037ff33adae761c22fc3aa44eed15a2c09d653b4eb194/fastexcel-0.19.0-cp314-cp314t-win_amd64.whl", hash = "sha256:7ef8e41cb0118f90d5f9a636fcdc0e9d635938cdaa54a3182328f3d34ce9ee1a", size = 2897686, upload-time = "2026-01-20T11:17:35.453Z" },
]

[[package]]
name = "polars"
version = "1.37.1"
source = { registry = "https://pypi.org/simple" }
dependencies = [
    { name = "polars-runtime-32" },
]
sdist = { url = "https://files.pythonhosted.org/packages/84/ae/dfebf31b9988c20998140b54d5b521f64ce08879f2c13d9b4d44d7c87e32/polars-1.37.1.tar.gz", hash = "sha256:0309e2a4633e712513401964b4d95452f124ceabf7aec6db50affb9ced4a274e", size = 715572, upload-time = "2026-01-12T23:27:03.267Z" }
wheels = [
    { url = "https://files.pythonhosted.org/packages/08/75/ec73e38812bca7c2240aff481b9ddff20d1ad2f10dee4b3353f5eeaacdab/polars-1.37.1-py3-none-any.whl", hash = "sha256:377fed8939a2f1223c1563cfabdc7b4a3d6ff846efa1f2ddeb8644fafd9b1aff", size = 805749, upload-time = "2026-01-12T23:25:48.595Z" },
]

[[package]]
name = "polars-runtime-32"
version = "1.37.1"
source = { registry = "https://pypi.org/simple" }
sdist = { url = "https://files.pythonhosted.org/packages/40/0b/addabe5e8d28a5a4c9887a08907be7ddc3fce892dc38f37d14b055438a57/polars_runtime_32-1.37.1.tar.gz", hash = "sha256:68779d4a691da20a5eb767d74165a8f80a2bdfbde4b54acf59af43f7fa028d8f", size = 2818945, upload-time = "2026-01-12T23:27:04.653Z" }
wheels = [
    { url = "https://files.pythonhosted.org/packages/2a/a2/e828ea9f845796de02d923edb790e408ca0b560cd68dbd74bb99a1b3c461/polars_runtime_32-1.37.1-cp310-abi3-macosx_10_12_x86_64.whl", hash = "sha256:0b8d4d73ea9977d3731927740e59d814647c5198bdbe359bcf6a8bfce2e79771", size = 43499912, upload-time = "2026-01-12T23:25:51.182Z" },
    { url = "https://files.pythonhosted.org/packages/7e/46/81b71b7aa9e3703ee6e4ef1f69a87e40f58ea7c99212bf49a95071e99c8c/polars_runtime_32-1.37.1-cp310-abi3-macosx_11_0_arm64.whl", hash = "sha256:c682bf83f5f352e5e02f5c16c652c48ca40442f07b236f30662b22217320ce76", size = 39695707, upload-time = "2026-01-12T23:25:54.289Z" },
    { url = "https://files.pythonhosted.org/packages/81/2e/20009d1fde7ee919e24040f5c87cb9d0e4f8e3f109b74ba06bc10c02459c/polars_runtime_32-1.37.1-cp310-abi3-manylinux_2_17_aarch64.manylinux2014_aarch64.whl", hash = "sha256:fc82b5bbe70ca1a4b764eed1419f6336752d6ba9fc1245388d7f8b12438afa2c", size = 41467034, upload-time = "2026-01-12T23:25:56.925Z" },
    { url = "https://files.pythonhosted.org/packages/eb/21/9b55bea940524324625b1e8fd96233290303eb1bf2c23b54573487bbbc25/polars_runtime_32-1.37.1-cp310-abi3-manylinux_2_17_x86_64.manylinux2014_x86_64.whl", hash = "sha256:a8362d11ac5193b994c7e9048ffe22ccfb976699cfbf6e128ce0302e06728894", size = 45142711, upload-time = "2026-01-12T23:26:00.817Z" },
    { url = "https://files.pythonhosted.org/packages/8c/25/c5f64461aeccdac6834a89f826d051ccd3b4ce204075e562c87a06ed2619/polars_runtime_32-1.37.1-cp310-abi3-musllinux_1_2_aarch64.whl", hash = "sha256:04f5d5a2f013dca7391b7d8e7672fa6d37573a87f1d45d3dd5f0d9b5565a4b0f", size = 41638564, upload-time = "2026-01-12T23:26:04.186Z" },
    { url = "https://files.pythonhosted.org/packages/35/af/509d3cf6c45e764ccf856beaae26fc34352f16f10f94a7839b1042920a73/polars_runtime_32-1.37.1-cp310-abi3-musllinux_1_2_x86_64.whl", hash = "sha256:fbfde7c0ca8209eeaed546e4a32cca1319189aa61c5f0f9a2b4494262bd0c689", size = 44721136, upload-time = "2026-01-12T23:26:07.088Z" },
    { url = "https://files.pythonhosted.org/packages/af/d1/5c0a83a625f72beef59394bebc57d12637997632a4f9d3ab2ffc2cc62bbf/polars_runtime_32-1.37.1-cp310-abi3-win_amd64.whl", hash = "sha256:da3d3642ae944e18dd17109d2a3036cb94ce50e5495c5023c77b1599d4c861bc", size = 44948288, upload-time = "2026-01-12T23:26:10.214Z" },
    { url = "https://files.pythonhosted.org/packages/10/f3/061bb702465904b6502f7c9081daee34b09ccbaa4f8c94cf43a2a3b6dd6f/polars_runtime_32-1.37.1-cp310-abi3-win_arm64.whl", hash = "sha256:55f2c4847a8d2e267612f564de7b753a4bde3902eaabe7b436a0a4abf75949a0", size = 41001914, upload-time = "2026-01-12T23:26:12.997Z" },
]

[[package]]
name = "xlsx2csv"
version = "0.8.6"
source = { registry = "https://pypi.org/simple" }
sdist = { url = "https://files.pythonhosted.org/packages/62/36/9d53c4a72dcdc08fcf46f3d02f71f22bc693bb66e87bd935e0c9668500ad/xlsx2csv-0.8.6.tar.gz", hash = "sha256:618fc502612860de8ab8e3d6195e99ef332fffc68337f6b89e59690aad0d20b5", size = 228308, upload-time = "2026-01-30T15:59:08.47Z" }
wheels = [
    { url = "https://files.pythonhosted.org/packages/f4/d6/9fd7e753a927cb11d039848a659124e6ec4cfe008704bb2790df7712c36d/xlsx2csv-0.8.6-py3-none-any.whl", hash = "sha256:415341e348b4c474cc84a4c23c4d116e0be07c89be6a84c5fde5e4c948db1943", size = 17204, upload-time = "2026-01-31T10:35:20.653Z" },
]
